
Microsoft Visual Studio Solution File, Format Version 12.00
Project("{FAE04EC0-301F-11D3-BF4B-00C04F79EFBC}") = "DocKick.Categorizable", "DocKick.Categorizable\DocKick.Categorizable.csproj", "{77C51C24-A809-42F0-87F5-BAE333FA2F2E}"
EndProject
Project("{FAE04EC0-301F-11D3-BF4B-00C04F79EFBC}") = "DocKick.Data", "DocKick.Data\DocKick.Data.csproj", "{EA7F3242-B238-4115-8E6C-90A5FC6AA8B4}"
EndProject
Project("{FAE04EC0-301F-11D3-BF4B-00C04F79EFBC}") = "DocKick.Entities", "DocKick.Entities\DocKick.Entities.csproj", "{51BF9364-D41E-4B7B-A373-4246A8BCBBF5}"
EndProject
Project("{FAE04EC0-301F-11D3-BF4B-00C04F79EFBC}") = "DocKick.Exceptions", "..\DocKick.Authentication\DocKick.Exceptions\DocKick.Exceptions.csproj", "{6A103E8A-20A5-47A7-9BB1-8827485ACE05}"
EndProject
Project("{FAE04EC0-301F-11D3-BF4B-00C04F79EFBC}") = "DocKick.Services", "DocKick.Services\DocKick.Services.csproj", "{5758B5CE-5E93-4F2E-AB66-6A0F5E435E34}"
EndProject
Project("{FAE04EC0-301F-11D3-BF4B-00C04F79EFBC}") = "DocKick.Dtos", "DocKick.Dtos\DocKick.Dtos.csproj", "{B03B560D-12ED-4CD3-83A6-C9AD932AB092}"
EndProject
Project("{FAE04EC0-301F-11D3-BF4B-00C04F79EFBC}") = "DocKick.Mapper", "DocKick.Mapper\DocKick.Mapper.csproj", "{26C1D8CF-2942-4CC6-8C76-3F317EA8ABB5}"
EndProject
Project("{FAE04EC0-301F-11D3-BF4B-00C04F79EFBC}") = "DocKick.Helpers", "DocKick.Helpers\DocKick.Helpers.csproj", "{777A3BFE-A38C-43DB-A556-CF38F901B370}"
EndProject
Global
	GlobalSection(SolutionConfigurationPlatforms) = preSolution
		Debug|Any CPU = Debug|Any CPU
		Release|Any CPU = Release|Any CPU
	EndGlobalSection
	GlobalSection(ProjectConfigurationPlatforms) = postSolution
		{77C51C24-A809-42F0-87F5-BAE333FA2F2E}.Debug|Any CPU.ActiveCfg = Debug|Any CPU
		{77C51C24-A809-42F0-87F5-BAE333FA2F2E}.Debug|Any CPU.Build.0 = Debug|Any CPU
		{77C51C24-A809-42F0-87F5-BAE333FA2F2E}.Release|Any CPU.ActiveCfg = Release|Any CPU
		{77C51C24-A809-42F0-87F5-BAE333FA2F2E}.Release|Any CPU.Build.0 = Release|Any CPU
		{EA7F3242-B238-4115-8E6C-90A5FC6AA8B4}.Debug|Any CPU.ActiveCfg = Debug|Any CPU
		{EA7F3242-B238-4115-8E6C-90A5FC6AA8B4}.Debug|Any CPU.Build.0 = Debug|Any CPU
		{EA7F3242-B238-4115-8E6C-90A5FC6AA8B4}.Release|Any CPU.ActiveCfg = Release|Any CPU
		{EA7F3242-B238-4115-8E6C-90A5FC6AA8B4}.Release|Any CPU.Build.0 = Release|Any CPU
		{51BF9364-D41E-4B7B-A373-4246A8BCBBF5}.Debug|Any CPU.ActiveCfg = Debug|Any CPU
		{51BF9364-D41E-4B7B-A373-4246A8BCBBF5}.Debug|Any CPU.Build.0 = Debug|Any CPU
		{51BF9364-D41E-4B7B-A373-4246A8BCBBF5}.Release|Any CPU.ActiveCfg = Release|Any CPU
		{51BF9364-D41E-4B7B-A373-4246A8BCBBF5}.Release|Any CPU.Build.0 = Release|Any CPU
		{6A103E8A-20A5-47A7-9BB1-8827485ACE05}.Debug|Any CPU.ActiveCfg = Debug|Any CPU
		{6A103E8A-20A5-47A7-9BB1-8827485ACE05}.Debug|Any CPU.Build.0 = Debug|Any CPU
		{6A103E8A-20A5-47A7-9BB1-8827485ACE05}.Release|Any CPU.ActiveCfg = Release|Any CPU
		{6A103E8A-20A5-47A7-9BB1-8827485ACE05}.Release|Any CPU.Build.0 = Release|Any CPU
		{5758B5CE-5E93-4F2E-AB66-6A0F5E435E34}.Debug|Any CPU.ActiveCfg = Debug|Any CPU
		{5758B5CE-5E93-4F2E-AB66-6A0F5E435E34}.Debug|Any CPU.Build.0 = Debug|Any CPU
		{5758B5CE-5E93-4F2E-AB66-6A0F5E435E34}.Release|Any CPU.ActiveCfg = Release|Any CPU
		{5758B5CE-5E93-4F2E-AB66-6A0F5E435E34}.Release|Any CPU.Build.0 = Release|Any CPU
		{B03B560D-12ED-4CD3-83A6-C9AD932AB092}.Debug|Any CPU.ActiveCfg = Debug|Any CPU
		{B03B560D-12ED-4CD3-83A6-C9AD932AB092}.Debug|Any CPU.Build.0 = Debug|Any CPU
		{B03B560D-12ED-4CD3-83A6-C9AD932AB092}.Release|Any CPU.ActiveCfg = Release|Any CPU
		{B03B560D-12ED-4CD3-83A6-C9AD932AB092}.Release|Any CPU.Build.0 = Release|Any CPU
		{26C1D8CF-2942-4CC6-8C76-3F317EA8ABB5}.Debug|Any CPU.ActiveCfg = Debug|Any CPU
		{26C1D8CF-2942-4CC6-8C76-3F317EA8ABB5}.Debug|Any CPU.Build.0 = Debug|Any CPU
		{26C1D8CF-2942-4CC6-8C76-3F317EA8ABB5}.Release|Any CPU.ActiveCfg = Release|Any CPU
		{26C1D8CF-2942-4CC6-8C76-3F317EA8ABB5}.Release|Any CPU.Build.0 = Release|Any CPU
		{777A3BFE-A38C-43DB-A556-CF38F901B370}.Debug|Any CPU.ActiveCfg = Debug|Any CPU
		{777A3BFE-A38C-43DB-A556-CF38F901B370}.Debug|Any CPU.Build.0 = Debug|Any CPU
		{777A3BFE-A38C-43DB-A556-CF38F901B370}.Release|Any CPU.ActiveCfg = Release|Any CPU
		{777A3BFE-A38C-43DB-A556-CF38F901B370}.Release|Any CPU.Build.0 = Release|Any CPU
	EndGlobalSection
EndGlobal
