
Microsoft Visual Studio Solution File, Format Version 12.00
Project("{FAE04EC0-301F-11D3-BF4B-00C04F79EFBC}") = "DocKick.Authentication", "DocKick.Authentication\DocKick.Authentication.csproj", "{4A3F1849-90C4-4851-A2C8-CE753E5985E6}"
EndProject
Project("{FAE04EC0-301F-11D3-BF4B-00C04F79EFBC}") = "DocKick.Services", "DocKick.Services\DocKick.Services.csproj", "{1A7D8789-BBF6-42A4-900E-1E10D35E6BE9}"
EndProject
Project("{FAE04EC0-301F-11D3-BF4B-00C04F79EFBC}") = "DocKick.Exceptions", "DocKick.Exceptions\DocKick.Exceptions.csproj", "{B5DCC979-3281-49CB-9F1D-59C1045573A4}"
EndProject
Project("{FAE04EC0-301F-11D3-BF4B-00C04F79EFBC}") = "DocKick.Data", "DocKick.Data\DocKick.Data.csproj", "{4B10C710-2CD5-4B26-8B01-C13D810C252D}"
EndProject
Global
	GlobalSection(SolutionConfigurationPlatforms) = preSolution
		Debug|Any CPU = Debug|Any CPU
		Release|Any CPU = Release|Any CPU
	EndGlobalSection
	GlobalSection(ProjectConfigurationPlatforms) = postSolution
		{4A3F1849-90C4-4851-A2C8-CE753E5985E6}.Debug|Any CPU.ActiveCfg = Debug|Any CPU
		{4A3F1849-90C4-4851-A2C8-CE753E5985E6}.Debug|Any CPU.Build.0 = Debug|Any CPU
		{4A3F1849-90C4-4851-A2C8-CE753E5985E6}.Release|Any CPU.ActiveCfg = Release|Any CPU
		{4A3F1849-90C4-4851-A2C8-CE753E5985E6}.Release|Any CPU.Build.0 = Release|Any CPU
		{1A7D8789-BBF6-42A4-900E-1E10D35E6BE9}.Debug|Any CPU.ActiveCfg = Debug|Any CPU
		{1A7D8789-BBF6-42A4-900E-1E10D35E6BE9}.Debug|Any CPU.Build.0 = Debug|Any CPU
		{1A7D8789-BBF6-42A4-900E-1E10D35E6BE9}.Release|Any CPU.ActiveCfg = Release|Any CPU
		{1A7D8789-BBF6-42A4-900E-1E10D35E6BE9}.Release|Any CPU.Build.0 = Release|Any CPU
		{B5DCC979-3281-49CB-9F1D-59C1045573A4}.Debug|Any CPU.ActiveCfg = Debug|Any CPU
		{B5DCC979-3281-49CB-9F1D-59C1045573A4}.Debug|Any CPU.Build.0 = Debug|Any CPU
		{B5DCC979-3281-49CB-9F1D-59C1045573A4}.Release|Any CPU.ActiveCfg = Release|Any CPU
		{B5DCC979-3281-49CB-9F1D-59C1045573A4}.Release|Any CPU.Build.0 = Release|Any CPU
		{4B10C710-2CD5-4B26-8B01-C13D810C252D}.Debug|Any CPU.ActiveCfg = Debug|Any CPU
		{4B10C710-2CD5-4B26-8B01-C13D810C252D}.Debug|Any CPU.Build.0 = Debug|Any CPU
		{4B10C710-2CD5-4B26-8B01-C13D810C252D}.Release|Any CPU.ActiveCfg = Release|Any CPU
		{4B10C710-2CD5-4B26-8B01-C13D810C252D}.Release|Any CPU.Build.0 = Release|Any CPU
	EndGlobalSection
EndGlobal
